
Microsoft Visual Studio Solution File, Format Version 12.00
# Visual Studio 15
VisualStudioVersion = 15.0.26228.4
MinimumVisualStudioVersion = 10.0.40219.1
Project("{FAE04EC0-301F-11D3-BF4B-00C04F79EFBC}") = "sqlnexus", "sqlnexus\sqlnexus.csproj", "{5E93D061-FEC5-46AD-A765-8A62B394437C}"
	ProjectSection(ProjectDependencies) = postProject
		{8DB02D0C-68F3-4762-9BC9-AA3DF2B91F4B} = {8DB02D0C-68F3-4762-9BC9-AA3DF2B91F4B}
	EndProjectSection
EndProject
Project("{FAE04EC0-301F-11D3-BF4B-00C04F79EFBC}") = "NexusInterfaces", "NexusInterfaces\NexusInterfaces.csproj", "{2217E9CA-442E-46C5-AB6C-7A46AE41A22C}"
EndProject
Project("{FAE04EC0-301F-11D3-BF4B-00C04F79EFBC}") = "PerfmonImporter", "PerfmonImporter\PerfmonImporter.csproj", "{0EFB7F6E-11F8-48C4-B4F4-EC526952CA38}"
EndProject
Project("{FAE04EC0-301F-11D3-BF4B-00C04F79EFBC}") = "BulkLoadEx", "BulkLoadEx\BulkLoadEx.csproj", "{F9069C48-39A6-4FB9-B4B8-D8D0034709A3}"
EndProject
Project("{FAE04EC0-301F-11D3-BF4B-00C04F79EFBC}") = "ReadTraceNexusImporter", "ReadTraceNexusImporter\ReadTraceNexusImporter.csproj", "{06414177-D179-413B-BC5A-5709E79D6EB2}"
EndProject
Project("{FAE04EC0-301F-11D3-BF4B-00C04F79EFBC}") = "RowsetImportEngine", "RowsetImportEngine\RowsetImportEngine.csproj", "{8DB02D0C-68F3-4762-9BC9-AA3DF2B91F4B}"
EndProject
Project("{FAE04EC0-301F-11D3-BF4B-00C04F79EFBC}") = "NexusReports", "NexusReports\NexusReports.csproj", "{6C4E398F-8082-48B4-BA17-0096C2383DDA}"
EndProject
Project("{FAE04EC0-301F-11D3-BF4B-00C04F79EFBC}") = "LinuxPerfImporter", "LinuxPerfImporter\LinuxPerfImporter.csproj", "{CCF72846-1645-4548-8E66-A2FFCE83692D}"
EndProject
Global
	GlobalSection(SolutionConfigurationPlatforms) = preSolution
		Debug|Any CPU = Debug|Any CPU
		Debug|Mixed Platforms = Debug|Mixed Platforms
		Debug|Win32 = Debug|Win32
		Debug|x64 = Debug|x64
		Debug|x86 = Debug|x86
		Debug64|Any CPU = Debug64|Any CPU
		Debug64|Mixed Platforms = Debug64|Mixed Platforms
		Debug64|Win32 = Debug64|Win32
		Debug64|x64 = Debug64|x64
		Debug64|x86 = Debug64|x86
		DebugLocal|Any CPU = DebugLocal|Any CPU
		DebugLocal|Mixed Platforms = DebugLocal|Mixed Platforms
		DebugLocal|Win32 = DebugLocal|Win32
		DebugLocal|x64 = DebugLocal|x64
		DebugLocal|x86 = DebugLocal|x86
		Production|Any CPU = Production|Any CPU
		Production|Mixed Platforms = Production|Mixed Platforms
		Production|Win32 = Production|Win32
		Production|x64 = Production|x64
		Production|x86 = Production|x86
		Release|Any CPU = Release|Any CPU
		Release|Mixed Platforms = Release|Mixed Platforms
		Release|Win32 = Release|Win32
		Release|x64 = Release|x64
		Release|x86 = Release|x86
	EndGlobalSection
	GlobalSection(ProjectConfigurationPlatforms) = postSolution
		{5E93D061-FEC5-46AD-A765-8A62B394437C}.Debug|Any CPU.ActiveCfg = Debug|Any CPU
		{5E93D061-FEC5-46AD-A765-8A62B394437C}.Debug|Any CPU.Build.0 = Debug|Any CPU
		{5E93D061-FEC5-46AD-A765-8A62B394437C}.Debug|Mixed Platforms.ActiveCfg = Debug|Any CPU
		{5E93D061-FEC5-46AD-A765-8A62B394437C}.Debug|Mixed Platforms.Build.0 = Debug|Any CPU
		{5E93D061-FEC5-46AD-A765-8A62B394437C}.Debug|Win32.ActiveCfg = Debug|Any CPU
		{5E93D061-FEC5-46AD-A765-8A62B394437C}.Debug|Win32.Build.0 = Debug|Any CPU
		{5E93D061-FEC5-46AD-A765-8A62B394437C}.Debug|x64.ActiveCfg = Debug|Any CPU
		{5E93D061-FEC5-46AD-A765-8A62B394437C}.Debug|x86.ActiveCfg = Debug|Any CPU
		{5E93D061-FEC5-46AD-A765-8A62B394437C}.Debug64|Any CPU.ActiveCfg = Debug|Any CPU
		{5E93D061-FEC5-46AD-A765-8A62B394437C}.Debug64|Any CPU.Build.0 = Debug|Any CPU
		{5E93D061-FEC5-46AD-A765-8A62B394437C}.Debug64|Mixed Platforms.ActiveCfg = Debug|Any CPU
		{5E93D061-FEC5-46AD-A765-8A62B394437C}.Debug64|Mixed Platforms.Build.0 = Debug|Any CPU
		{5E93D061-FEC5-46AD-A765-8A62B394437C}.Debug64|Win32.ActiveCfg = Debug|Any CPU
		{5E93D061-FEC5-46AD-A765-8A62B394437C}.Debug64|x64.ActiveCfg = Debug|Any CPU
		{5E93D061-FEC5-46AD-A765-8A62B394437C}.Debug64|x86.ActiveCfg = Debug|Any CPU
		{5E93D061-FEC5-46AD-A765-8A62B394437C}.DebugLocal|Any CPU.ActiveCfg = Debug|Any CPU
		{5E93D061-FEC5-46AD-A765-8A62B394437C}.DebugLocal|Any CPU.Build.0 = Debug|Any CPU
		{5E93D061-FEC5-46AD-A765-8A62B394437C}.DebugLocal|Mixed Platforms.ActiveCfg = Debug|Any CPU
		{5E93D061-FEC5-46AD-A765-8A62B394437C}.DebugLocal|Mixed Platforms.Build.0 = Debug|Any CPU
		{5E93D061-FEC5-46AD-A765-8A62B394437C}.DebugLocal|Win32.ActiveCfg = Debug|Any CPU
		{5E93D061-FEC5-46AD-A765-8A62B394437C}.DebugLocal|x64.ActiveCfg = Debug|Any CPU
		{5E93D061-FEC5-46AD-A765-8A62B394437C}.DebugLocal|x86.ActiveCfg = Debug|Any CPU
		{5E93D061-FEC5-46AD-A765-8A62B394437C}.Production|Any CPU.ActiveCfg = Release|Any CPU
		{5E93D061-FEC5-46AD-A765-8A62B394437C}.Production|Any CPU.Build.0 = Release|Any CPU
		{5E93D061-FEC5-46AD-A765-8A62B394437C}.Production|Mixed Platforms.ActiveCfg = Release|Any CPU
		{5E93D061-FEC5-46AD-A765-8A62B394437C}.Production|Mixed Platforms.Build.0 = Release|Any CPU
		{5E93D061-FEC5-46AD-A765-8A62B394437C}.Production|Win32.ActiveCfg = Release|Any CPU
		{5E93D061-FEC5-46AD-A765-8A62B394437C}.Production|x64.ActiveCfg = Release|Any CPU
		{5E93D061-FEC5-46AD-A765-8A62B394437C}.Production|x86.ActiveCfg = Release|Any CPU
		{5E93D061-FEC5-46AD-A765-8A62B394437C}.Release|Any CPU.ActiveCfg = Release|Any CPU
		{5E93D061-FEC5-46AD-A765-8A62B394437C}.Release|Any CPU.Build.0 = Release|Any CPU
		{5E93D061-FEC5-46AD-A765-8A62B394437C}.Release|Mixed Platforms.ActiveCfg = Release|Any CPU
		{5E93D061-FEC5-46AD-A765-8A62B394437C}.Release|Mixed Platforms.Build.0 = Release|Any CPU
		{5E93D061-FEC5-46AD-A765-8A62B394437C}.Release|Win32.ActiveCfg = Release|Any CPU
		{5E93D061-FEC5-46AD-A765-8A62B394437C}.Release|Win32.Build.0 = Release|Any CPU
		{5E93D061-FEC5-46AD-A765-8A62B394437C}.Release|x64.ActiveCfg = Release|Any CPU
		{5E93D061-FEC5-46AD-A765-8A62B394437C}.Release|x86.ActiveCfg = Release|Any CPU
		{2217E9CA-442E-46C5-AB6C-7A46AE41A22C}.Debug|Any CPU.ActiveCfg = Debug|Any CPU
		{2217E9CA-442E-46C5-AB6C-7A46AE41A22C}.Debug|Any CPU.Build.0 = Debug|Any CPU
		{2217E9CA-442E-46C5-AB6C-7A46AE41A22C}.Debug|Mixed Platforms.ActiveCfg = Debug|Any CPU
		{2217E9CA-442E-46C5-AB6C-7A46AE41A22C}.Debug|Mixed Platforms.Build.0 = Debug|Any CPU
		{2217E9CA-442E-46C5-AB6C-7A46AE41A22C}.Debug|Win32.ActiveCfg = Debug|Any CPU
		{2217E9CA-442E-46C5-AB6C-7A46AE41A22C}.Debug|x64.ActiveCfg = Debug|Any CPU
		{2217E9CA-442E-46C5-AB6C-7A46AE41A22C}.Debug|x86.ActiveCfg = Debug|Any CPU
		{2217E9CA-442E-46C5-AB6C-7A46AE41A22C}.Debug64|Any CPU.ActiveCfg = Debug|Any CPU
		{2217E9CA-442E-46C5-AB6C-7A46AE41A22C}.Debug64|Any CPU.Build.0 = Debug|Any CPU
		{2217E9CA-442E-46C5-AB6C-7A46AE41A22C}.Debug64|Mixed Platforms.ActiveCfg = Debug|Any CPU
		{2217E9CA-442E-46C5-AB6C-7A46AE41A22C}.Debug64|Mixed Platforms.Build.0 = Debug|Any CPU
		{2217E9CA-442E-46C5-AB6C-7A46AE41A22C}.Debug64|Win32.ActiveCfg = Debug|Any CPU
		{2217E9CA-442E-46C5-AB6C-7A46AE41A22C}.Debug64|x64.ActiveCfg = Debug|Any CPU
		{2217E9CA-442E-46C5-AB6C-7A46AE41A22C}.Debug64|x86.ActiveCfg = Debug|Any CPU
		{2217E9CA-442E-46C5-AB6C-7A46AE41A22C}.DebugLocal|Any CPU.ActiveCfg = Debug|Any CPU
		{2217E9CA-442E-46C5-AB6C-7A46AE41A22C}.DebugLocal|Any CPU.Build.0 = Debug|Any CPU
		{2217E9CA-442E-46C5-AB6C-7A46AE41A22C}.DebugLocal|Mixed Platforms.ActiveCfg = Debug|Any CPU
		{2217E9CA-442E-46C5-AB6C-7A46AE41A22C}.DebugLocal|Mixed Platforms.Build.0 = Debug|Any CPU
		{2217E9CA-442E-46C5-AB6C-7A46AE41A22C}.DebugLocal|Win32.ActiveCfg = Debug|Any CPU
		{2217E9CA-442E-46C5-AB6C-7A46AE41A22C}.DebugLocal|x64.ActiveCfg = Debug|Any CPU
		{2217E9CA-442E-46C5-AB6C-7A46AE41A22C}.DebugLocal|x86.ActiveCfg = Debug|Any CPU
		{2217E9CA-442E-46C5-AB6C-7A46AE41A22C}.Production|Any CPU.ActiveCfg = Release|Any CPU
		{2217E9CA-442E-46C5-AB6C-7A46AE41A22C}.Production|Any CPU.Build.0 = Release|Any CPU
		{2217E9CA-442E-46C5-AB6C-7A46AE41A22C}.Production|Mixed Platforms.ActiveCfg = Release|Any CPU
		{2217E9CA-442E-46C5-AB6C-7A46AE41A22C}.Production|Mixed Platforms.Build.0 = Release|Any CPU
		{2217E9CA-442E-46C5-AB6C-7A46AE41A22C}.Production|Win32.ActiveCfg = Release|Any CPU
		{2217E9CA-442E-46C5-AB6C-7A46AE41A22C}.Production|x64.ActiveCfg = Release|Any CPU
		{2217E9CA-442E-46C5-AB6C-7A46AE41A22C}.Production|x86.ActiveCfg = Release|Any CPU
		{2217E9CA-442E-46C5-AB6C-7A46AE41A22C}.Release|Any CPU.ActiveCfg = Release|Any CPU
		{2217E9CA-442E-46C5-AB6C-7A46AE41A22C}.Release|Any CPU.Build.0 = Release|Any CPU
		{2217E9CA-442E-46C5-AB6C-7A46AE41A22C}.Release|Mixed Platforms.ActiveCfg = Release|Any CPU
		{2217E9CA-442E-46C5-AB6C-7A46AE41A22C}.Release|Mixed Platforms.Build.0 = Release|Any CPU
		{2217E9CA-442E-46C5-AB6C-7A46AE41A22C}.Release|Win32.ActiveCfg = Release|Any CPU
		{2217E9CA-442E-46C5-AB6C-7A46AE41A22C}.Release|x64.ActiveCfg = Release|Any CPU
		{2217E9CA-442E-46C5-AB6C-7A46AE41A22C}.Release|x86.ActiveCfg = Release|Any CPU
		{0EFB7F6E-11F8-48C4-B4F4-EC526952CA38}.Debug|Any CPU.ActiveCfg = Debug|Any CPU
		{0EFB7F6E-11F8-48C4-B4F4-EC526952CA38}.Debug|Any CPU.Build.0 = Debug|Any CPU
		{0EFB7F6E-11F8-48C4-B4F4-EC526952CA38}.Debug|Mixed Platforms.ActiveCfg = Debug|Any CPU
		{0EFB7F6E-11F8-48C4-B4F4-EC526952CA38}.Debug|Mixed Platforms.Build.0 = Debug|Any CPU
		{0EFB7F6E-11F8-48C4-B4F4-EC526952CA38}.Debug|Win32.ActiveCfg = Debug|Any CPU
		{0EFB7F6E-11F8-48C4-B4F4-EC526952CA38}.Debug|x64.ActiveCfg = Debug|Any CPU
		{0EFB7F6E-11F8-48C4-B4F4-EC526952CA38}.Debug|x86.ActiveCfg = Debug|Any CPU
		{0EFB7F6E-11F8-48C4-B4F4-EC526952CA38}.Debug64|Any CPU.ActiveCfg = Debug|Any CPU
		{0EFB7F6E-11F8-48C4-B4F4-EC526952CA38}.Debug64|Any CPU.Build.0 = Debug|Any CPU
		{0EFB7F6E-11F8-48C4-B4F4-EC526952CA38}.Debug64|Mixed Platforms.ActiveCfg = Debug|Any CPU
		{0EFB7F6E-11F8-48C4-B4F4-EC526952CA38}.Debug64|Mixed Platforms.Build.0 = Debug|Any CPU
		{0EFB7F6E-11F8-48C4-B4F4-EC526952CA38}.Debug64|Win32.ActiveCfg = Debug|Any CPU
		{0EFB7F6E-11F8-48C4-B4F4-EC526952CA38}.Debug64|x64.ActiveCfg = Debug|Any CPU
		{0EFB7F6E-11F8-48C4-B4F4-EC526952CA38}.Debug64|x86.ActiveCfg = Debug|Any CPU
		{0EFB7F6E-11F8-48C4-B4F4-EC526952CA38}.DebugLocal|Any CPU.ActiveCfg = Debug|Any CPU
		{0EFB7F6E-11F8-48C4-B4F4-EC526952CA38}.DebugLocal|Any CPU.Build.0 = Debug|Any CPU
		{0EFB7F6E-11F8-48C4-B4F4-EC526952CA38}.DebugLocal|Mixed Platforms.ActiveCfg = Debug|Any CPU
		{0EFB7F6E-11F8-48C4-B4F4-EC526952CA38}.DebugLocal|Mixed Platforms.Build.0 = Debug|Any CPU
		{0EFB7F6E-11F8-48C4-B4F4-EC526952CA38}.DebugLocal|Win32.ActiveCfg = Debug|Any CPU
		{0EFB7F6E-11F8-48C4-B4F4-EC526952CA38}.DebugLocal|x64.ActiveCfg = Debug|Any CPU
		{0EFB7F6E-11F8-48C4-B4F4-EC526952CA38}.DebugLocal|x86.ActiveCfg = Debug|Any CPU
		{0EFB7F6E-11F8-48C4-B4F4-EC526952CA38}.Production|Any CPU.ActiveCfg = Release|Any CPU
		{0EFB7F6E-11F8-48C4-B4F4-EC526952CA38}.Production|Any CPU.Build.0 = Release|Any CPU
		{0EFB7F6E-11F8-48C4-B4F4-EC526952CA38}.Production|Mixed Platforms.ActiveCfg = Release|Any CPU
		{0EFB7F6E-11F8-48C4-B4F4-EC526952CA38}.Production|Mixed Platforms.Build.0 = Release|Any CPU
		{0EFB7F6E-11F8-48C4-B4F4-EC526952CA38}.Production|Win32.ActiveCfg = Release|Any CPU
		{0EFB7F6E-11F8-48C4-B4F4-EC526952CA38}.Production|x64.ActiveCfg = Release|Any CPU
		{0EFB7F6E-11F8-48C4-B4F4-EC526952CA38}.Production|x86.ActiveCfg = Release|Any CPU
		{0EFB7F6E-11F8-48C4-B4F4-EC526952CA38}.Release|Any CPU.ActiveCfg = Release|Any CPU
		{0EFB7F6E-11F8-48C4-B4F4-EC526952CA38}.Release|Any CPU.Build.0 = Release|Any CPU
		{0EFB7F6E-11F8-48C4-B4F4-EC526952CA38}.Release|Mixed Platforms.ActiveCfg = Release|Any CPU
		{0EFB7F6E-11F8-48C4-B4F4-EC526952CA38}.Release|Mixed Platforms.Build.0 = Release|Any CPU
		{0EFB7F6E-11F8-48C4-B4F4-EC526952CA38}.Release|Win32.ActiveCfg = Release|Any CPU
		{0EFB7F6E-11F8-48C4-B4F4-EC526952CA38}.Release|x64.ActiveCfg = Release|Any CPU
		{0EFB7F6E-11F8-48C4-B4F4-EC526952CA38}.Release|x86.ActiveCfg = Release|Any CPU
		{F9069C48-39A6-4FB9-B4B8-D8D0034709A3}.Debug|Any CPU.ActiveCfg = Debug|Any CPU
		{F9069C48-39A6-4FB9-B4B8-D8D0034709A3}.Debug|Any CPU.Build.0 = Debug|Any CPU
		{F9069C48-39A6-4FB9-B4B8-D8D0034709A3}.Debug|Mixed Platforms.ActiveCfg = Debug|Any CPU
		{F9069C48-39A6-4FB9-B4B8-D8D0034709A3}.Debug|Mixed Platforms.Build.0 = Debug|Any CPU
		{F9069C48-39A6-4FB9-B4B8-D8D0034709A3}.Debug|Win32.ActiveCfg = Debug|Any CPU
		{F9069C48-39A6-4FB9-B4B8-D8D0034709A3}.Debug|x64.ActiveCfg = Debug|Any CPU
		{F9069C48-39A6-4FB9-B4B8-D8D0034709A3}.Debug|x86.ActiveCfg = Debug|Any CPU
		{F9069C48-39A6-4FB9-B4B8-D8D0034709A3}.Debug64|Any CPU.ActiveCfg = Debug|Any CPU
		{F9069C48-39A6-4FB9-B4B8-D8D0034709A3}.Debug64|Any CPU.Build.0 = Debug|Any CPU
		{F9069C48-39A6-4FB9-B4B8-D8D0034709A3}.Debug64|Mixed Platforms.ActiveCfg = Debug|Any CPU
		{F9069C48-39A6-4FB9-B4B8-D8D0034709A3}.Debug64|Mixed Platforms.Build.0 = Debug|Any CPU
		{F9069C48-39A6-4FB9-B4B8-D8D0034709A3}.Debug64|Win32.ActiveCfg = Debug|Any CPU
		{F9069C48-39A6-4FB9-B4B8-D8D0034709A3}.Debug64|x64.ActiveCfg = Debug|Any CPU
		{F9069C48-39A6-4FB9-B4B8-D8D0034709A3}.Debug64|x86.ActiveCfg = Debug|Any CPU
		{F9069C48-39A6-4FB9-B4B8-D8D0034709A3}.DebugLocal|Any CPU.ActiveCfg = Debug|Any CPU
		{F9069C48-39A6-4FB9-B4B8-D8D0034709A3}.DebugLocal|Any CPU.Build.0 = Debug|Any CPU
		{F9069C48-39A6-4FB9-B4B8-D8D0034709A3}.DebugLocal|Mixed Platforms.ActiveCfg = Debug|Any CPU
		{F9069C48-39A6-4FB9-B4B8-D8D0034709A3}.DebugLocal|Mixed Platforms.Build.0 = Debug|Any CPU
		{F9069C48-39A6-4FB9-B4B8-D8D0034709A3}.DebugLocal|Win32.ActiveCfg = Debug|Any CPU
		{F9069C48-39A6-4FB9-B4B8-D8D0034709A3}.DebugLocal|x64.ActiveCfg = Debug|Any CPU
		{F9069C48-39A6-4FB9-B4B8-D8D0034709A3}.DebugLocal|x86.ActiveCfg = Debug|Any CPU
		{F9069C48-39A6-4FB9-B4B8-D8D0034709A3}.Production|Any CPU.ActiveCfg = Release|Any CPU
		{F9069C48-39A6-4FB9-B4B8-D8D0034709A3}.Production|Any CPU.Build.0 = Release|Any CPU
		{F9069C48-39A6-4FB9-B4B8-D8D0034709A3}.Production|Mixed Platforms.ActiveCfg = Release|Any CPU
		{F9069C48-39A6-4FB9-B4B8-D8D0034709A3}.Production|Mixed Platforms.Build.0 = Release|Any CPU
		{F9069C48-39A6-4FB9-B4B8-D8D0034709A3}.Production|Win32.ActiveCfg = Release|Any CPU
		{F9069C48-39A6-4FB9-B4B8-D8D0034709A3}.Production|x64.ActiveCfg = Release|Any CPU
		{F9069C48-39A6-4FB9-B4B8-D8D0034709A3}.Production|x86.ActiveCfg = Release|Any CPU
		{F9069C48-39A6-4FB9-B4B8-D8D0034709A3}.Release|Any CPU.ActiveCfg = Release|Any CPU
		{F9069C48-39A6-4FB9-B4B8-D8D0034709A3}.Release|Any CPU.Build.0 = Release|Any CPU
		{F9069C48-39A6-4FB9-B4B8-D8D0034709A3}.Release|Mixed Platforms.ActiveCfg = Release|Any CPU
		{F9069C48-39A6-4FB9-B4B8-D8D0034709A3}.Release|Mixed Platforms.Build.0 = Release|Any CPU
		{F9069C48-39A6-4FB9-B4B8-D8D0034709A3}.Release|Win32.ActiveCfg = Release|Any CPU
		{F9069C48-39A6-4FB9-B4B8-D8D0034709A3}.Release|x64.ActiveCfg = Release|Any CPU
		{F9069C48-39A6-4FB9-B4B8-D8D0034709A3}.Release|x86.ActiveCfg = Release|Any CPU
		{06414177-D179-413B-BC5A-5709E79D6EB2}.Debug|Any CPU.ActiveCfg = Debug|Any CPU
		{06414177-D179-413B-BC5A-5709E79D6EB2}.Debug|Any CPU.Build.0 = Debug|Any CPU
		{06414177-D179-413B-BC5A-5709E79D6EB2}.Debug|Mixed Platforms.ActiveCfg = Debug|Any CPU
		{06414177-D179-413B-BC5A-5709E79D6EB2}.Debug|Mixed Platforms.Build.0 = Debug|Any CPU
		{06414177-D179-413B-BC5A-5709E79D6EB2}.Debug|Win32.ActiveCfg = Debug|Any CPU
		{06414177-D179-413B-BC5A-5709E79D6EB2}.Debug|x64.ActiveCfg = Debug|Any CPU
		{06414177-D179-413B-BC5A-5709E79D6EB2}.Debug|x86.ActiveCfg = Debug|Any CPU
		{06414177-D179-413B-BC5A-5709E79D6EB2}.Debug64|Any CPU.ActiveCfg = Debug|Any CPU
		{06414177-D179-413B-BC5A-5709E79D6EB2}.Debug64|Any CPU.Build.0 = Debug|Any CPU
		{06414177-D179-413B-BC5A-5709E79D6EB2}.Debug64|Mixed Platforms.ActiveCfg = Debug|Any CPU
		{06414177-D179-413B-BC5A-5709E79D6EB2}.Debug64|Mixed Platforms.Build.0 = Debug|Any CPU
		{06414177-D179-413B-BC5A-5709E79D6EB2}.Debug64|Win32.ActiveCfg = Debug|Any CPU
		{06414177-D179-413B-BC5A-5709E79D6EB2}.Debug64|x64.ActiveCfg = Debug|Any CPU
		{06414177-D179-413B-BC5A-5709E79D6EB2}.Debug64|x86.ActiveCfg = Debug|Any CPU
		{06414177-D179-413B-BC5A-5709E79D6EB2}.DebugLocal|Any CPU.ActiveCfg = Debug|Any CPU
		{06414177-D179-413B-BC5A-5709E79D6EB2}.DebugLocal|Any CPU.Build.0 = Debug|Any CPU
		{06414177-D179-413B-BC5A-5709E79D6EB2}.DebugLocal|Mixed Platforms.ActiveCfg = Debug|Any CPU
		{06414177-D179-413B-BC5A-5709E79D6EB2}.DebugLocal|Mixed Platforms.Build.0 = Debug|Any CPU
		{06414177-D179-413B-BC5A-5709E79D6EB2}.DebugLocal|Win32.ActiveCfg = Debug|Any CPU
		{06414177-D179-413B-BC5A-5709E79D6EB2}.DebugLocal|x64.ActiveCfg = Debug|Any CPU
		{06414177-D179-413B-BC5A-5709E79D6EB2}.DebugLocal|x86.ActiveCfg = Debug|Any CPU
		{06414177-D179-413B-BC5A-5709E79D6EB2}.Production|Any CPU.ActiveCfg = Release|Any CPU
		{06414177-D179-413B-BC5A-5709E79D6EB2}.Production|Any CPU.Build.0 = Release|Any CPU
		{06414177-D179-413B-BC5A-5709E79D6EB2}.Production|Mixed Platforms.ActiveCfg = Release|Any CPU
		{06414177-D179-413B-BC5A-5709E79D6EB2}.Production|Mixed Platforms.Build.0 = Release|Any CPU
		{06414177-D179-413B-BC5A-5709E79D6EB2}.Production|Win32.ActiveCfg = Release|Any CPU
		{06414177-D179-413B-BC5A-5709E79D6EB2}.Production|x64.ActiveCfg = Release|Any CPU
		{06414177-D179-413B-BC5A-5709E79D6EB2}.Production|x86.ActiveCfg = Release|Any CPU
		{06414177-D179-413B-BC5A-5709E79D6EB2}.Release|Any CPU.ActiveCfg = Release|Any CPU
		{06414177-D179-413B-BC5A-5709E79D6EB2}.Release|Any CPU.Build.0 = Release|Any CPU
		{06414177-D179-413B-BC5A-5709E79D6EB2}.Release|Mixed Platforms.ActiveCfg = Release|Any CPU
		{06414177-D179-413B-BC5A-5709E79D6EB2}.Release|Mixed Platforms.Build.0 = Release|Any CPU
		{06414177-D179-413B-BC5A-5709E79D6EB2}.Release|Win32.ActiveCfg = Release|Any CPU
		{06414177-D179-413B-BC5A-5709E79D6EB2}.Release|x64.ActiveCfg = Release|Any CPU
		{06414177-D179-413B-BC5A-5709E79D6EB2}.Release|x86.ActiveCfg = Release|Any CPU
		{8DB02D0C-68F3-4762-9BC9-AA3DF2B91F4B}.Debug|Any CPU.ActiveCfg = Debug|Any CPU
		{8DB02D0C-68F3-4762-9BC9-AA3DF2B91F4B}.Debug|Any CPU.Build.0 = Debug|Any CPU
		{8DB02D0C-68F3-4762-9BC9-AA3DF2B91F4B}.Debug|Mixed Platforms.ActiveCfg = Debug|Any CPU
		{8DB02D0C-68F3-4762-9BC9-AA3DF2B91F4B}.Debug|Mixed Platforms.Build.0 = Debug|Any CPU
		{8DB02D0C-68F3-4762-9BC9-AA3DF2B91F4B}.Debug|Win32.ActiveCfg = Debug|Any CPU
		{8DB02D0C-68F3-4762-9BC9-AA3DF2B91F4B}.Debug|x64.ActiveCfg = Debug|Any CPU
		{8DB02D0C-68F3-4762-9BC9-AA3DF2B91F4B}.Debug|x86.ActiveCfg = Debug|Any CPU
		{8DB02D0C-68F3-4762-9BC9-AA3DF2B91F4B}.Debug64|Any CPU.ActiveCfg = Debug64|Any CPU
		{8DB02D0C-68F3-4762-9BC9-AA3DF2B91F4B}.Debug64|Any CPU.Build.0 = Debug64|Any CPU
		{8DB02D0C-68F3-4762-9BC9-AA3DF2B91F4B}.Debug64|Mixed Platforms.ActiveCfg = Debug64|Any CPU
		{8DB02D0C-68F3-4762-9BC9-AA3DF2B91F4B}.Debug64|Mixed Platforms.Build.0 = Debug64|Any CPU
		{8DB02D0C-68F3-4762-9BC9-AA3DF2B91F4B}.Debug64|Win32.ActiveCfg = Debug64|Any CPU
		{8DB02D0C-68F3-4762-9BC9-AA3DF2B91F4B}.Debug64|x64.ActiveCfg = Debug64|Any CPU
		{8DB02D0C-68F3-4762-9BC9-AA3DF2B91F4B}.Debug64|x86.ActiveCfg = Debug64|Any CPU
		{8DB02D0C-68F3-4762-9BC9-AA3DF2B91F4B}.DebugLocal|Any CPU.ActiveCfg = Debug64|Any CPU
		{8DB02D0C-68F3-4762-9BC9-AA3DF2B91F4B}.DebugLocal|Any CPU.Build.0 = Debug64|Any CPU
		{8DB02D0C-68F3-4762-9BC9-AA3DF2B91F4B}.DebugLocal|Mixed Platforms.ActiveCfg = Debug64|Any CPU
		{8DB02D0C-68F3-4762-9BC9-AA3DF2B91F4B}.DebugLocal|Mixed Platforms.Build.0 = Debug64|Any CPU
		{8DB02D0C-68F3-4762-9BC9-AA3DF2B91F4B}.DebugLocal|Win32.ActiveCfg = Debug64|Any CPU
		{8DB02D0C-68F3-4762-9BC9-AA3DF2B91F4B}.DebugLocal|x64.ActiveCfg = Debug64|Any CPU
		{8DB02D0C-68F3-4762-9BC9-AA3DF2B91F4B}.DebugLocal|x86.ActiveCfg = Debug64|Any CPU
		{8DB02D0C-68F3-4762-9BC9-AA3DF2B91F4B}.Production|Any CPU.ActiveCfg = Debug64|Any CPU
		{8DB02D0C-68F3-4762-9BC9-AA3DF2B91F4B}.Production|Any CPU.Build.0 = Debug64|Any CPU
		{8DB02D0C-68F3-4762-9BC9-AA3DF2B91F4B}.Production|Mixed Platforms.ActiveCfg = Debug64|Any CPU
		{8DB02D0C-68F3-4762-9BC9-AA3DF2B91F4B}.Production|Mixed Platforms.Build.0 = Debug64|Any CPU
		{8DB02D0C-68F3-4762-9BC9-AA3DF2B91F4B}.Production|Win32.ActiveCfg = Debug64|Any CPU
		{8DB02D0C-68F3-4762-9BC9-AA3DF2B91F4B}.Production|x64.ActiveCfg = Debug64|Any CPU
		{8DB02D0C-68F3-4762-9BC9-AA3DF2B91F4B}.Production|x86.ActiveCfg = Debug64|Any CPU
		{8DB02D0C-68F3-4762-9BC9-AA3DF2B91F4B}.Release|Any CPU.ActiveCfg = Release|Any CPU
		{8DB02D0C-68F3-4762-9BC9-AA3DF2B91F4B}.Release|Any CPU.Build.0 = Release|Any CPU
		{8DB02D0C-68F3-4762-9BC9-AA3DF2B91F4B}.Release|Mixed Platforms.ActiveCfg = Release|Any CPU
		{8DB02D0C-68F3-4762-9BC9-AA3DF2B91F4B}.Release|Mixed Platforms.Build.0 = Release|Any CPU
		{8DB02D0C-68F3-4762-9BC9-AA3DF2B91F4B}.Release|Win32.ActiveCfg = Release|Any CPU
		{8DB02D0C-68F3-4762-9BC9-AA3DF2B91F4B}.Release|x64.ActiveCfg = Release|Any CPU
		{8DB02D0C-68F3-4762-9BC9-AA3DF2B91F4B}.Release|x86.ActiveCfg = Release|Any CPU
		{6C4E398F-8082-48B4-BA17-0096C2383DDA}.Debug|Any CPU.ActiveCfg = Debug|Any CPU
		{6C4E398F-8082-48B4-BA17-0096C2383DDA}.Debug|Any CPU.Build.0 = Debug|Any CPU
		{6C4E398F-8082-48B4-BA17-0096C2383DDA}.Debug|Mixed Platforms.ActiveCfg = Debug|Any CPU
		{6C4E398F-8082-48B4-BA17-0096C2383DDA}.Debug|Mixed Platforms.Build.0 = Debug|Any CPU
		{6C4E398F-8082-48B4-BA17-0096C2383DDA}.Debug|Win32.ActiveCfg = Debug|Any CPU
		{6C4E398F-8082-48B4-BA17-0096C2383DDA}.Debug|x64.ActiveCfg = Debug|Any CPU
		{6C4E398F-8082-48B4-BA17-0096C2383DDA}.Debug|x86.ActiveCfg = Debug|Any CPU
		{6C4E398F-8082-48B4-BA17-0096C2383DDA}.Debug64|Any CPU.ActiveCfg = Debug|Any CPU
		{6C4E398F-8082-48B4-BA17-0096C2383DDA}.Debug64|Any CPU.Build.0 = Debug|Any CPU
		{6C4E398F-8082-48B4-BA17-0096C2383DDA}.Debug64|Mixed Platforms.ActiveCfg = Debug|Any CPU
		{6C4E398F-8082-48B4-BA17-0096C2383DDA}.Debug64|Mixed Platforms.Build.0 = Debug|Any CPU
		{6C4E398F-8082-48B4-BA17-0096C2383DDA}.Debug64|Win32.ActiveCfg = Debug|Any CPU
		{6C4E398F-8082-48B4-BA17-0096C2383DDA}.Debug64|x64.ActiveCfg = Debug|Any CPU
		{6C4E398F-8082-48B4-BA17-0096C2383DDA}.Debug64|x86.ActiveCfg = Debug|Any CPU
		{6C4E398F-8082-48B4-BA17-0096C2383DDA}.DebugLocal|Any CPU.ActiveCfg = Debug|Any CPU
		{6C4E398F-8082-48B4-BA17-0096C2383DDA}.DebugLocal|Any CPU.Build.0 = Debug|Any CPU
		{6C4E398F-8082-48B4-BA17-0096C2383DDA}.DebugLocal|Mixed Platforms.ActiveCfg = Debug|Any CPU
		{6C4E398F-8082-48B4-BA17-0096C2383DDA}.DebugLocal|Mixed Platforms.Build.0 = Debug|Any CPU
		{6C4E398F-8082-48B4-BA17-0096C2383DDA}.DebugLocal|Win32.ActiveCfg = Debug|Any CPU
		{6C4E398F-8082-48B4-BA17-0096C2383DDA}.DebugLocal|x64.ActiveCfg = Debug|Any CPU
		{6C4E398F-8082-48B4-BA17-0096C2383DDA}.DebugLocal|x86.ActiveCfg = Debug|Any CPU
		{6C4E398F-8082-48B4-BA17-0096C2383DDA}.Production|Any CPU.ActiveCfg = Release|Any CPU
		{6C4E398F-8082-48B4-BA17-0096C2383DDA}.Production|Any CPU.Build.0 = Release|Any CPU
		{6C4E398F-8082-48B4-BA17-0096C2383DDA}.Production|Mixed Platforms.ActiveCfg = Release|Any CPU
		{6C4E398F-8082-48B4-BA17-0096C2383DDA}.Production|Mixed Platforms.Build.0 = Release|Any CPU
		{6C4E398F-8082-48B4-BA17-0096C2383DDA}.Production|Win32.ActiveCfg = Release|Any CPU
		{6C4E398F-8082-48B4-BA17-0096C2383DDA}.Production|x64.ActiveCfg = Release|Any CPU
		{6C4E398F-8082-48B4-BA17-0096C2383DDA}.Production|x86.ActiveCfg = Release|Any CPU
		{6C4E398F-8082-48B4-BA17-0096C2383DDA}.Release|Any CPU.ActiveCfg = Release|Any CPU
		{6C4E398F-8082-48B4-BA17-0096C2383DDA}.Release|Any CPU.Build.0 = Release|Any CPU
		{6C4E398F-8082-48B4-BA17-0096C2383DDA}.Release|Mixed Platforms.ActiveCfg = Release|Any CPU
		{6C4E398F-8082-48B4-BA17-0096C2383DDA}.Release|Mixed Platforms.Build.0 = Release|Any CPU
		{6C4E398F-8082-48B4-BA17-0096C2383DDA}.Release|Win32.ActiveCfg = Release|Any CPU
		{6C4E398F-8082-48B4-BA17-0096C2383DDA}.Release|x64.ActiveCfg = Release|Any CPU
		{6C4E398F-8082-48B4-BA17-0096C2383DDA}.Release|x86.ActiveCfg = Release|Any CPU
		{CCF72846-1645-4548-8E66-A2FFCE83692D}.Debug|Any CPU.ActiveCfg = Debug|Any CPU
		{CCF72846-1645-4548-8E66-A2FFCE83692D}.Debug|Any CPU.Build.0 = Debug|Any CPU
		{CCF72846-1645-4548-8E66-A2FFCE83692D}.Debug|Mixed Platforms.ActiveCfg = Debug|Any CPU
		{CCF72846-1645-4548-8E66-A2FFCE83692D}.Debug|Mixed Platforms.Build.0 = Debug|Any CPU
		{CCF72846-1645-4548-8E66-A2FFCE83692D}.Debug|Win32.ActiveCfg = Debug|Any CPU
		{CCF72846-1645-4548-8E66-A2FFCE83692D}.Debug|Win32.Build.0 = Debug|Any CPU
		{CCF72846-1645-4548-8E66-A2FFCE83692D}.Debug|x64.ActiveCfg = Debug|Any CPU
		{CCF72846-1645-4548-8E66-A2FFCE83692D}.Debug|x64.Build.0 = Debug|Any CPU
		{CCF72846-1645-4548-8E66-A2FFCE83692D}.Debug|x86.ActiveCfg = Debug|Any CPU
		{CCF72846-1645-4548-8E66-A2FFCE83692D}.Debug|x86.Build.0 = Debug|Any CPU
		{CCF72846-1645-4548-8E66-A2FFCE83692D}.Debug64|Any CPU.ActiveCfg = Debug|Any CPU
		{CCF72846-1645-4548-8E66-A2FFCE83692D}.Debug64|Any CPU.Build.0 = Debug|Any CPU
		{CCF72846-1645-4548-8E66-A2FFCE83692D}.Debug64|Mixed Platforms.ActiveCfg = Debug|Any CPU
		{CCF72846-1645-4548-8E66-A2FFCE83692D}.Debug64|Mixed Platforms.Build.0 = Debug|Any CPU
		{CCF72846-1645-4548-8E66-A2FFCE83692D}.Debug64|Win32.ActiveCfg = Debug|Any CPU
		{CCF72846-1645-4548-8E66-A2FFCE83692D}.Debug64|Win32.Build.0 = Debug|Any CPU
		{CCF72846-1645-4548-8E66-A2FFCE83692D}.Debug64|x64.ActiveCfg = Debug|Any CPU
		{CCF72846-1645-4548-8E66-A2FFCE83692D}.Debug64|x64.Build.0 = Debug|Any CPU
		{CCF72846-1645-4548-8E66-A2FFCE83692D}.Debug64|x86.ActiveCfg = Debug|Any CPU
		{CCF72846-1645-4548-8E66-A2FFCE83692D}.Debug64|x86.Build.0 = Debug|Any CPU
		{CCF72846-1645-4548-8E66-A2FFCE83692D}.DebugLocal|Any CPU.ActiveCfg = Debug|Any CPU
		{CCF72846-1645-4548-8E66-A2FFCE83692D}.DebugLocal|Any CPU.Build.0 = Debug|Any CPU
		{CCF72846-1645-4548-8E66-A2FFCE83692D}.DebugLocal|Mixed Platforms.ActiveCfg = Debug|Any CPU
		{CCF72846-1645-4548-8E66-A2FFCE83692D}.DebugLocal|Mixed Platforms.Build.0 = Debug|Any CPU
		{CCF72846-1645-4548-8E66-A2FFCE83692D}.DebugLocal|Win32.ActiveCfg = Debug|Any CPU
		{CCF72846-1645-4548-8E66-A2FFCE83692D}.DebugLocal|Win32.Build.0 = Debug|Any CPU
		{CCF72846-1645-4548-8E66-A2FFCE83692D}.DebugLocal|x64.ActiveCfg = Debug|Any CPU
		{CCF72846-1645-4548-8E66-A2FFCE83692D}.DebugLocal|x64.Build.0 = Debug|Any CPU
		{CCF72846-1645-4548-8E66-A2FFCE83692D}.DebugLocal|x86.ActiveCfg = Debug|Any CPU
		{CCF72846-1645-4548-8E66-A2FFCE83692D}.DebugLocal|x86.Build.0 = Debug|Any CPU
		{CCF72846-1645-4548-8E66-A2FFCE83692D}.Production|Any CPU.ActiveCfg = Release|Any CPU
		{CCF72846-1645-4548-8E66-A2FFCE83692D}.Production|Any CPU.Build.0 = Release|Any CPU
		{CCF72846-1645-4548-8E66-A2FFCE83692D}.Production|Mixed Platforms.ActiveCfg = Release|Any CPU
		{CCF72846-1645-4548-8E66-A2FFCE83692D}.Production|Mixed Platforms.Build.0 = Release|Any CPU
		{CCF72846-1645-4548-8E66-A2FFCE83692D}.Production|Win32.ActiveCfg = Release|Any CPU
		{CCF72846-1645-4548-8E66-A2FFCE83692D}.Production|Win32.Build.0 = Release|Any CPU
		{CCF72846-1645-4548-8E66-A2FFCE83692D}.Production|x64.ActiveCfg = Release|Any CPU
		{CCF72846-1645-4548-8E66-A2FFCE83692D}.Production|x64.Build.0 = Release|Any CPU
		{CCF72846-1645-4548-8E66-A2FFCE83692D}.Production|x86.ActiveCfg = Release|Any CPU
		{CCF72846-1645-4548-8E66-A2FFCE83692D}.Production|x86.Build.0 = Release|Any CPU
		{CCF72846-1645-4548-8E66-A2FFCE83692D}.Release|Any CPU.ActiveCfg = Release|Any CPU
		{CCF72846-1645-4548-8E66-A2FFCE83692D}.Release|Any CPU.Build.0 = Release|Any CPU
		{CCF72846-1645-4548-8E66-A2FFCE83692D}.Release|Mixed Platforms.ActiveCfg = Release|Any CPU
		{CCF72846-1645-4548-8E66-A2FFCE83692D}.Release|Mixed Platforms.Build.0 = Release|Any CPU
		{CCF72846-1645-4548-8E66-A2FFCE83692D}.Release|Win32.ActiveCfg = Release|Any CPU
		{CCF72846-1645-4548-8E66-A2FFCE83692D}.Release|Win32.Build.0 = Release|Any CPU
		{CCF72846-1645-4548-8E66-A2FFCE83692D}.Release|x64.ActiveCfg = Release|Any CPU
		{CCF72846-1645-4548-8E66-A2FFCE83692D}.Release|x64.Build.0 = Release|Any CPU
		{CCF72846-1645-4548-8E66-A2FFCE83692D}.Release|x86.ActiveCfg = Release|Any CPU
		{CCF72846-1645-4548-8E66-A2FFCE83692D}.Release|x86.Build.0 = Release|Any CPU
	EndGlobalSection
	GlobalSection(SolutionProperties) = preSolution
		HideSolutionNode = FALSE
	EndGlobalSection
EndGlobal
